
Microsoft Visual Studio Solution File, Format Version 12.00
# Visual Studio Version 17
VisualStudioVersion = 17.5.33530.505
MinimumVisualStudioVersion = 10.0.40219.1
Project("{9A19103F-16F7-4668-BE54-9A1E7A4F7556}") = "ConsoleForLib", "ConsoleForLib\ConsoleForLib.csproj", "{3E221C4F-720C-4EFE-8B66-1A8E0AECF492}"
EndProject
Project("{9A19103F-16F7-4668-BE54-9A1E7A4F7556}") = "MathLibrary", "MathLibrary\MathLibrary.csproj", "{D1D5AE8E-443E-43DC-9D5E-C4E272246F03}"
EndProject
Project("{FAE04EC0-301F-11D3-BF4B-00C04F79EFBC}") = "UnitTestMathLibrary", "UnitTestMathLibrary\UnitTestMathLibrary.csproj", "{16727FF7-9D13-44BD-A359-E977AED2A323}"
EndProject
Global
	GlobalSection(SolutionConfigurationPlatforms) = preSolution
		Debug|Any CPU = Debug|Any CPU
		Release|Any CPU = Release|Any CPU
	EndGlobalSection
	GlobalSection(ProjectConfigurationPlatforms) = postSolution
		{3E221C4F-720C-4EFE-8B66-1A8E0AECF492}.Debug|Any CPU.ActiveCfg = Debug|Any CPU
		{3E221C4F-720C-4EFE-8B66-1A8E0AECF492}.Debug|Any CPU.Build.0 = Debug|Any CPU
		{3E221C4F-720C-4EFE-8B66-1A8E0AECF492}.Release|Any CPU.ActiveCfg = Release|Any CPU
		{3E221C4F-720C-4EFE-8B66-1A8E0AECF492}.Release|Any CPU.Build.0 = Release|Any CPU
		{D1D5AE8E-443E-43DC-9D5E-C4E272246F03}.Debug|Any CPU.ActiveCfg = Debug|Any CPU
		{D1D5AE8E-443E-43DC-9D5E-C4E272246F03}.Debug|Any CPU.Build.0 = Debug|Any CPU
		{D1D5AE8E-443E-43DC-9D5E-C4E272246F03}.Release|Any CPU.ActiveCfg = Release|Any CPU
		{D1D5AE8E-443E-43DC-9D5E-C4E272246F03}.Release|Any CPU.Build.0 = Release|Any CPU
		{16727FF7-9D13-44BD-A359-E977AED2A323}.Debug|Any CPU.ActiveCfg = Debug|Any CPU
		{16727FF7-9D13-44BD-A359-E977AED2A323}.Debug|Any CPU.Build.0 = Debug|Any CPU
		{16727FF7-9D13-44BD-A359-E977AED2A323}.Release|Any CPU.ActiveCfg = Release|Any CPU
		{16727FF7-9D13-44BD-A359-E977AED2A323}.Release|Any CPU.Build.0 = Release|Any CPU
	EndGlobalSection
	GlobalSection(SolutionProperties) = preSolution
		HideSolutionNode = FALSE
	EndGlobalSection
	GlobalSection(ExtensibilityGlobals) = postSolution
		SolutionGuid = {AC994633-2FED-42F4-A89A-576C34B440BE}
	EndGlobalSection
EndGlobal
